// !$*UTF8*$!
{
	archiveVersion = 1;
	classes = {
	};
	objectVersion = 46;
	objects = {

/* Begin PBXBuildFile section */
		B93577791F42F2E600238F0B /* main.m in Sources */ = {isa = PBXBuildFile; fileRef = B93577781F42F2E600238F0B /* main.m */; };
		B935777C1F42F2E600238F0B /* AppDelegate.m in Sources */ = {isa = PBXBuildFile; fileRef = B935777B1F42F2E600238F0B /* AppDelegate.m */; };
		B935777F1F42F2E600238F0B /* ViewController.m in Sources */ = {isa = PBXBuildFile; fileRef = B935777E1F42F2E600238F0B /* ViewController.m */; };
		B93577821F42F2E600238F0B /* Main.storyboard in Resources */ = {isa = PBXBuildFile; fileRef = B93577801F42F2E600238F0B /* Main.storyboard */; };
		B93577841F42F2E600238F0B /* Assets.xcassets in Resources */ = {isa = PBXBuildFile; fileRef = B93577831F42F2E600238F0B /* Assets.xcassets */; };
		B93577871F42F2E600238F0B /* LaunchScreen.storyboard in Resources */ = {isa = PBXBuildFile; fileRef = B93577851F42F2E600238F0B /* LaunchScreen.storyboard */; };
		B93577921F42F2E600238F0B /* simpleFMDBTests.m in Sources */ = {isa = PBXBuildFile; fileRef = B93577911F42F2E600238F0B /* simpleFMDBTests.m */; };
		B935779D1F42F2E600238F0B /* simpleFMDBUITests.m in Sources */ = {isa = PBXBuildFile; fileRef = B935779C1F42F2E600238F0B /* simpleFMDBUITests.m */; };
		B93577B71F42F31D00238F0B /* FMDatabase.m in Sources */ = {isa = PBXBuildFile; fileRef = B93577AC1F42F31D00238F0B /* FMDatabase.m */; };
		B93577B81F42F31D00238F0B /* FMDatabaseAdditions.m in Sources */ = {isa = PBXBuildFile; fileRef = B93577AE1F42F31D00238F0B /* FMDatabaseAdditions.m */; };
		B93577B91F42F31D00238F0B /* FMDatabasePool.m in Sources */ = {isa = PBXBuildFile; fileRef = B93577B01F42F31D00238F0B /* FMDatabasePool.m */; };
		B93577BA1F42F31D00238F0B /* FMDatabaseQueue.m in Sources */ = {isa = PBXBuildFile; fileRef = B93577B21F42F31D00238F0B /* FMDatabaseQueue.m */; };
		B93577BB1F42F31D00238F0B /* FMResultSet.m in Sources */ = {isa = PBXBuildFile; fileRef = B93577B51F42F31D00238F0B /* FMResultSet.m */; };
		B93577BC1F42F31D00238F0B /* Info.plist in Resources */ = {isa = PBXBuildFile; fileRef = B93577B61F42F31D00238F0B /* Info.plist */; };
		B93577BF1F42F35000238F0B /* TwoViewController.m in Sources */ = {isa = PBXBuildFile; fileRef = B93577BE1F42F35000238F0B /* TwoViewController.m */; };
		B93577D61F42F38E00238F0B /* MJExtensionConst.m in Sources */ = {isa = PBXBuildFile; fileRef = B93577C31F42F38E00238F0B /* MJExtensionConst.m */; };
		B93577D71F42F38E00238F0B /* MJFoundation.m in Sources */ = {isa = PBXBuildFile; fileRef = B93577C51F42F38E00238F0B /* MJFoundation.m */; };
		B93577D81F42F38E00238F0B /* MJProperty.m in Sources */ = {isa = PBXBuildFile; fileRef = B93577C71F42F38E00238F0B /* MJProperty.m */; };
		B93577D91F42F38E00238F0B /* MJPropertyKey.m in Sources */ = {isa = PBXBuildFile; fileRef = B93577C91F42F38E00238F0B /* MJPropertyKey.m */; };
		B93577DA1F42F38E00238F0B /* MJPropertyType.m in Sources */ = {isa = PBXBuildFile; fileRef = B93577CB1F42F38E00238F0B /* MJPropertyType.m */; };
		B93577DB1F42F38E00238F0B /* NSObject+MJClass.m in Sources */ = {isa = PBXBuildFile; fileRef = B93577CD1F42F38E00238F0B /* NSObject+MJClass.m */; };
		B93577DC1F42F38E00238F0B /* NSObject+MJCoding.m in Sources */ = {isa = PBXBuildFile; fileRef = B93577CF1F42F38E00238F0B /* NSObject+MJCoding.m */; };
		B93577DD1F42F38E00238F0B /* NSObject+MJKeyValue.m in Sources */ = {isa = PBXBuildFile; fileRef = B93577D11F42F38E00238F0B /* NSObject+MJKeyValue.m */; };
		B93577DE1F42F38E00238F0B /* NSObject+MJProperty.m in Sources */ = {isa = PBXBuildFile; fileRef = B93577D31F42F38E00238F0B /* NSObject+MJProperty.m */; };
		B93577DF1F42F38E00238F0B /* NSString+MJExtension.m in Sources */ = {isa = PBXBuildFile; fileRef = B93577D51F42F38E00238F0B /* NSString+MJExtension.m */; };
		B93577E21F42F3AF00238F0B /* libsqlite3.tbd in Frameworks */ = {isa = PBXBuildFile; fileRef = B93577E11F42F3AF00238F0B /* libsqlite3.tbd */; };
/* End PBXBuildFile section */

/* Begin PBXContainerItemProxy section */
		B935778E1F42F2E600238F0B /* PBXContainerItemProxy */ = {
			isa = PBXContainerItemProxy;
			containerPortal = B935776C1F42F2E500238F0B /* Project object */;
			proxyType = 1;
			remoteGlobalIDString = B93577731F42F2E600238F0B;
			remoteInfo = simpleFMDB;
		};
		B93577991F42F2E600238F0B /* PBXContainerItemProxy */ = {
			isa = PBXContainerItemProxy;
			containerPortal = B935776C1F42F2E500238F0B /* Project object */;
			proxyType = 1;
			remoteGlobalIDString = B93577731F42F2E600238F0B;
			remoteInfo = simpleFMDB;
		};
/* End PBXContainerItemProxy section */

/* Begin PBXFileReference section */
		B93577741F42F2E600238F0B /* simpleFMDB.app */ = {isa = PBXFileReference; explicitFileType = wrapper.application; includeInIndex = 0; path = simpleFMDB.app; sourceTree = BUILT_PRODUCTS_DIR; };
		B93577781F42F2E600238F0B /* main.m */ = {isa = PBXFileReference; lastKnownFileType = sourcecode.c.objc; path = main.m; sourceTree = "<group>"; };
		B935777A1F42F2E600238F0B /* AppDelegate.h */ = {isa = PBXFileReference; lastKnownFileType = sourcecode.c.h; path = AppDelegate.h; sourceTree = "<group>"; };
		B935777B1F42F2E600238F0B /* AppDelegate.m */ = {isa = PBXFileReference; lastKnownFileType = sourcecode.c.objc; path = AppDelegate.m; sourceTree = "<group>"; };
		B935777D1F42F2E600238F0B /* ViewController.h */ = {isa = PBXFileReference; lastKnownFileType = sourcecode.c.h; path = ViewController.h; sourceTree = "<group>"; };
		B935777E1F42F2E600238F0B /* ViewController.m */ = {isa = PBXFileReference; lastKnownFileType = sourcecode.c.objc; path = ViewController.m; sourceTree = "<group>"; };
		B93577811F42F2E600238F0B /* Base */ = {isa = PBXFileReference; lastKnownFileType = file.storyboard; name = Base; path = Base.lproj/Main.storyboard; sourceTree = "<group>"; };
		B93577831F42F2E600238F0B /* Assets.xcassets */ = {isa = PBXFileReference; lastKnownFileType = folder.assetcatalog; path = Assets.xcassets; sourceTree = "<group>"; };
		B93577861F42F2E600238F0B /* Base */ = {isa = PBXFileReference; lastKnownFileType = file.storyboard; name = Base; path = Base.lproj/LaunchScreen.storyboard; sourceTree = "<group>"; };
		B93577881F42F2E600238F0B /* Info.plist */ = {isa = PBXFileReference; lastKnownFileType = text.plist.xml; path = Info.plist; sourceTree = "<group>"; };
		B935778D1F42F2E600238F0B /* simpleFMDBTests.xctest */ = {isa = PBXFileReference; explicitFileType = wrapper.cfbundle; includeInIndex = 0; path = simpleFMDBTests.xctest; sourceTree = BUILT_PRODUCTS_DIR; };
		B93577911F42F2E600238F0B /* simpleFMDBTests.m */ = {isa = PBXFileReference; lastKnownFileType = sourcecode.c.objc; path = simpleFMDBTests.m; sourceTree = "<group>"; };
		B93577931F42F2E600238F0B /* Info.plist */ = {isa = PBXFileReference; lastKnownFileType = text.plist.xml; path = Info.plist; sourceTree = "<group>"; };
		B93577981F42F2E600238F0B /* simpleFMDBUITests.xctest */ = {isa = PBXFileReference; explicitFileType = wrapper.cfbundle; includeInIndex = 0; path = simpleFMDBUITests.xctest; sourceTree = BUILT_PRODUCTS_DIR; };
		B935779C1F42F2E600238F0B /* simpleFMDBUITests.m */ = {isa = PBXFileReference; lastKnownFileType = sourcecode.c.objc; path = simpleFMDBUITests.m; sourceTree = "<group>"; };
		B935779E1F42F2E600238F0B /* Info.plist */ = {isa = PBXFileReference; lastKnownFileType = text.plist.xml; path = Info.plist; sourceTree = "<group>"; };
		B93577AB1F42F31D00238F0B /* FMDatabase.h */ = {isa = PBXFileReference; fileEncoding = 4; lastKnownFileType = sourcecode.c.h; path = FMDatabase.h; sourceTree = "<group>"; };
		B93577AC1F42F31D00238F0B /* FMDatabase.m */ = {isa = PBXFileReference; fileEncoding = 4; lastKnownFileType = sourcecode.c.objc; path = FMDatabase.m; sourceTree = "<group>"; };
		B93577AD1F42F31D00238F0B /* FMDatabaseAdditions.h */ = {isa = PBXFileReference; fileEncoding = 4; lastKnownFileType = sourcecode.c.h; path = FMDatabaseAdditions.h; sourceTree = "<group>"; };
		B93577AE1F42F31D00238F0B /* FMDatabaseAdditions.m */ = {isa = PBXFileReference; fileEncoding = 4; lastKnownFileType = sourcecode.c.objc; path = FMDatabaseAdditions.m; sourceTree = "<group>"; };
		B93577AF1F42F31D00238F0B /* FMDatabasePool.h */ = {isa = PBXFileReference; fileEncoding = 4; lastKnownFileType = sourcecode.c.h; path = FMDatabasePool.h; sourceTree = "<group>"; };
		B93577B01F42F31D00238F0B /* FMDatabasePool.m */ = {isa = PBXFileReference; fileEncoding = 4; lastKnownFileType = sourcecode.c.objc; path = FMDatabasePool.m; sourceTree = "<group>"; };
		B93577B11F42F31D00238F0B /* FMDatabaseQueue.h */ = {isa = PBXFileReference; fileEncoding = 4; lastKnownFileType = sourcecode.c.h; path = FMDatabaseQueue.h; sourceTree = "<group>"; };
		B93577B21F42F31D00238F0B /* FMDatabaseQueue.m */ = {isa = PBXFileReference; fileEncoding = 4; lastKnownFileType = sourcecode.c.objc; path = FMDatabaseQueue.m; sourceTree = "<group>"; };
		B93577B31F42F31D00238F0B /* FMDB.h */ = {isa = PBXFileReference; fileEncoding = 4; lastKnownFileType = sourcecode.c.h; path = FMDB.h; sourceTree = "<group>"; };
		B93577B41F42F31D00238F0B /* FMResultSet.h */ = {isa = PBXFileReference; fileEncoding = 4; lastKnownFileType = sourcecode.c.h; path = FMResultSet.h; sourceTree = "<group>"; };
		B93577B51F42F31D00238F0B /* FMResultSet.m */ = {isa = PBXFileReference; fileEncoding = 4; lastKnownFileType = sourcecode.c.objc; path = FMResultSet.m; sourceTree = "<group>"; };
		B93577B61F42F31D00238F0B /* Info.plist */ = {isa = PBXFileReference; fileEncoding = 4; lastKnownFileType = text.plist.xml; path = Info.plist; sourceTree = "<group>"; };
		B93577BD1F42F34C00238F0B /* TwoViewController.h */ = {isa = PBXFileReference; fileEncoding = 4; lastKnownFileType = sourcecode.c.h; path = TwoViewController.h; sourceTree = "<group>"; };
		B93577BE1F42F35000238F0B /* TwoViewController.m */ = {isa = PBXFileReference; fileEncoding = 4; lastKnownFileType = sourcecode.c.objc; path = TwoViewController.m; sourceTree = "<group>"; };
		B93577C11F42F38E00238F0B /* MJExtension.h */ = {isa = PBXFileReference; fileEncoding = 4; lastKnownFileType = sourcecode.c.h; path = MJExtension.h; sourceTree = "<group>"; };
		B93577C21F42F38E00238F0B /* MJExtensionConst.h */ = {isa = PBXFileReference; fileEncoding = 4; lastKnownFileType = sourcecode.c.h; path = MJExtensionConst.h; sourceTree = "<group>"; };
		B93577C31F42F38E00238F0B /* MJExtensionConst.m */ = {isa = PBXFileReference; fileEncoding = 4; lastKnownFileType = sourcecode.c.objc; path = MJExtensionConst.m; sourceTree = "<group>"; };
		B93577C41F42F38E00238F0B /* MJFoundation.h */ = {isa = PBXFileReference; fileEncoding = 4; lastKnownFileType = sourcecode.c.h; path = MJFoundation.h; sourceTree = "<group>"; };
		B93577C51F42F38E00238F0B /* MJFoundation.m */ = {isa = PBXFileReference; fileEncoding = 4; lastKnownFileType = sourcecode.c.objc; path = MJFoundation.m; sourceTree = "<group>"; };
		B93577C61F42F38E00238F0B /* MJProperty.h */ = {isa = PBXFileReference; fileEncoding = 4; lastKnownFileType = sourcecode.c.h; path = MJProperty.h; sourceTree = "<group>"; };
		B93577C71F42F38E00238F0B /* MJProperty.m */ = {isa = PBXFileReference; fileEncoding = 4; lastKnownFileType = sourcecode.c.objc; path = MJProperty.m; sourceTree = "<group>"; };
		B93577C81F42F38E00238F0B /* MJPropertyKey.h */ = {isa = PBXFileReference; fileEncoding = 4; lastKnownFileType = sourcecode.c.h; path = MJPropertyKey.h; sourceTree = "<group>"; };
		B93577C91F42F38E00238F0B /* MJPropertyKey.m */ = {isa = PBXFileReference; fileEncoding = 4; lastKnownFileType = sourcecode.c.objc; path = MJPropertyKey.m; sourceTree = "<group>"; };
		B93577CA1F42F38E00238F0B /* MJPropertyType.h */ = {isa = PBXFileReference; fileEncoding = 4; lastKnownFileType = sourcecode.c.h; path = MJPropertyType.h; sourceTree = "<group>"; };
		B93577CB1F42F38E00238F0B /* MJPropertyType.m */ = {isa = PBXFileReference; fileEncoding = 4; lastKnownFileType = sourcecode.c.objc; path = MJPropertyType.m; sourceTree = "<group>"; };
		B93577CC1F42F38E00238F0B /* NSObject+MJClass.h */ = {isa = PBXFileReference; fileEncoding = 4; lastKnownFileType = sourcecode.c.h; path = "NSObject+MJClass.h"; sourceTree = "<group>"; };
		B93577CD1F42F38E00238F0B /* NSObject+MJClass.m */ = {isa = PBXFileReference; fileEncoding = 4; lastKnownFileType = sourcecode.c.objc; path = "NSObject+MJClass.m"; sourceTree = "<group>"; };
		B93577CE1F42F38E00238F0B /* NSObject+MJCoding.h */ = {isa = PBXFileReference; fileEncoding = 4; lastKnownFileType = sourcecode.c.h; path = "NSObject+MJCoding.h"; sourceTree = "<group>"; };
		B93577CF1F42F38E00238F0B /* NSObject+MJCoding.m */ = {isa = PBXFileReference; fileEncoding = 4; lastKnownFileType = sourcecode.c.objc; path = "NSObject+MJCoding.m"; sourceTree = "<group>"; };
		B93577D01F42F38E00238F0B /* NSObject+MJKeyValue.h */ = {isa = PBXFileReference; fileEncoding = 4; lastKnownFileType = sourcecode.c.h; path = "NSObject+MJKeyValue.h"; sourceTree = "<group>"; };
		B93577D11F42F38E00238F0B /* NSObject+MJKeyValue.m */ = {isa = PBXFileReference; fileEncoding = 4; lastKnownFileType = sourcecode.c.objc; path = "NSObject+MJKeyValue.m"; sourceTree = "<group>"; };
		B93577D21F42F38E00238F0B /* NSObject+MJProperty.h */ = {isa = PBXFileReference; fileEncoding = 4; lastKnownFileType = sourcecode.c.h; path = "NSObject+MJProperty.h"; sourceTree = "<group>"; };
		B93577D31F42F38E00238F0B /* NSObject+MJProperty.m */ = {isa = PBXFileReference; fileEncoding = 4; lastKnownFileType = sourcecode.c.objc; path = "NSObject+MJProperty.m"; sourceTree = "<group>"; };
		B93577D41F42F38E00238F0B /* NSString+MJExtension.h */ = {isa = PBXFileReference; fileEncoding = 4; lastKnownFileType = sourcecode.c.h; path = "NSString+MJExtension.h"; sourceTree = "<group>"; };
		B93577D51F42F38E00238F0B /* NSString+MJExtension.m */ = {isa = PBXFileReference; fileEncoding = 4; lastKnownFileType = sourcecode.c.objc; path = "NSString+MJExtension.m"; sourceTree = "<group>"; };
		B93577E11F42F3AF00238F0B /* libsqlite3.tbd */ = {isa = PBXFileReference; lastKnownFileType = "sourcecode.text-based-dylib-definition"; name = libsqlite3.tbd; path = usr/lib/libsqlite3.tbd; sourceTree = SDKROOT; };
/* End PBXFileReference section */

/* Begin PBXFrameworksBuildPhase section */
		B93577711F42F2E600238F0B /* Frameworks */ = {
			isa = PBXFrameworksBuildPhase;
			buildActionMask = 2147483647;
			files = (
				B93577E21F42F3AF00238F0B /* libsqlite3.tbd in Frameworks */,
			);
			runOnlyForDeploymentPostprocessing = 0;
		};
		B935778A1F42F2E600238F0B /* Frameworks */ = {
			isa = PBXFrameworksBuildPhase;
			buildActionMask = 2147483647;
			files = (
			);
			runOnlyForDeploymentPostprocessing = 0;
		};
		B93577951F42F2E600238F0B /* Frameworks */ = {
			isa = PBXFrameworksBuildPhase;
			buildActionMask = 2147483647;
			files = (
			);
			runOnlyForDeploymentPostprocessing = 0;
		};
/* End PBXFrameworksBuildPhase section */

/* Begin PBXGroup section */
		B935776B1F42F2E500238F0B = {
			isa = PBXGroup;
			children = (
				B93577761F42F2E600238F0B /* simpleFMDB */,
				B93577901F42F2E600238F0B /* simpleFMDBTests */,
				B935779B1F42F2E600238F0B /* simpleFMDBUITests */,
				B93577751F42F2E600238F0B /* Products */,
				B93577E01F42F3AF00238F0B /* Frameworks */,
			);
			sourceTree = "<group>";
		};
		B93577751F42F2E600238F0B /* Products */ = {
			isa = PBXGroup;
			children = (
				B93577741F42F2E600238F0B /* simpleFMDB.app */,
				B935778D1F42F2E600238F0B /* simpleFMDBTests.xctest */,
				B93577981F42F2E600238F0B /* simpleFMDBUITests.xctest */,
			);
			name = Products;
			sourceTree = "<group>";
		};
		B93577761F42F2E600238F0B /* simpleFMDB */ = {
			isa = PBXGroup;
			children = (
				B935777A1F42F2E600238F0B /* AppDelegate.h */,
				B935777B1F42F2E600238F0B /* AppDelegate.m */,
				B935777D1F42F2E600238F0B /* ViewController.h */,
				B935777E1F42F2E600238F0B /* ViewController.m */,
				B93577BD1F42F34C00238F0B /* TwoViewController.h */,
				B93577BE1F42F35000238F0B /* TwoViewController.m */,
				B93577801F42F2E600238F0B /* Main.storyboard */,
				B93577831F42F2E600238F0B /* Assets.xcassets */,
				B93577851F42F2E600238F0B /* LaunchScreen.storyboard */,
				B93577881F42F2E600238F0B /* Info.plist */,
				B93577C01F42F38E00238F0B /* MJExtension */,
				B93577AA1F42F31D00238F0B /* fmdb */,
				B93577771F42F2E600238F0B /* Supporting Files */,
			);
			path = simpleFMDB;
			sourceTree = "<group>";
		};
		B93577771F42F2E600238F0B /* Supporting Files */ = {
			isa = PBXGroup;
			children = (
				B93577781F42F2E600238F0B /* main.m */,
			);
			name = "Supporting Files";
			sourceTree = "<group>";
		};
		B93577901F42F2E600238F0B /* simpleFMDBTests */ = {
			isa = PBXGroup;
			children = (
				B93577911F42F2E600238F0B /* simpleFMDBTests.m */,
				B93577931F42F2E600238F0B /* Info.plist */,
			);
			path = simpleFMDBTests;
			sourceTree = "<group>";
		};
		B935779B1F42F2E600238F0B /* simpleFMDBUITests */ = {
			isa = PBXGroup;
			children = (
				B935779C1F42F2E600238F0B /* simpleFMDBUITests.m */,
				B935779E1F42F2E600238F0B /* Info.plist */,
			);
			path = simpleFMDBUITests;
			sourceTree = "<group>";
		};
		B93577AA1F42F31D00238F0B /* fmdb */ = {
			isa = PBXGroup;
			children = (
				B93577AB1F42F31D00238F0B /* FMDatabase.h */,
				B93577AC1F42F31D00238F0B /* FMDatabase.m */,
				B93577AD1F42F31D00238F0B /* FMDatabaseAdditions.h */,
				B93577AE1F42F31D00238F0B /* FMDatabaseAdditions.m */,
				B93577AF1F42F31D00238F0B /* FMDatabasePool.h */,
				B93577B01F42F31D00238F0B /* FMDatabasePool.m */,
				B93577B11F42F31D00238F0B /* FMDatabaseQueue.h */,
				B93577B21F42F31D00238F0B /* FMDatabaseQueue.m */,
				B93577B31F42F31D00238F0B /* FMDB.h */,
				B93577B41F42F31D00238F0B /* FMResultSet.h */,
				B93577B51F42F31D00238F0B /* FMResultSet.m */,
				B93577B61F42F31D00238F0B /* Info.plist */,
			);
			path = fmdb;
			sourceTree = "<group>";
		};
		B93577C01F42F38E00238F0B /* MJExtension */ = {
			isa = PBXGroup;
			children = (
				B93577C11F42F38E00238F0B /* MJExtension.h */,
				B93577C21F42F38E00238F0B /* MJExtensionConst.h */,
				B93577C31F42F38E00238F0B /* MJExtensionConst.m */,
				B93577C41F42F38E00238F0B /* MJFoundation.h */,
				B93577C51F42F38E00238F0B /* MJFoundation.m */,
				B93577C61F42F38E00238F0B /* MJProperty.h */,
				B93577C71F42F38E00238F0B /* MJProperty.m */,
				B93577C81F42F38E00238F0B /* MJPropertyKey.h */,
				B93577C91F42F38E00238F0B /* MJPropertyKey.m */,
				B93577CA1F42F38E00238F0B /* MJPropertyType.h */,
				B93577CB1F42F38E00238F0B /* MJPropertyType.m */,
				B93577CC1F42F38E00238F0B /* NSObject+MJClass.h */,
				B93577CD1F42F38E00238F0B /* NSObject+MJClass.m */,
				B93577CE1F42F38E00238F0B /* NSObject+MJCoding.h */,
				B93577CF1F42F38E00238F0B /* NSObject+MJCoding.m */,
				B93577D01F42F38E00238F0B /* NSObject+MJKeyValue.h */,
				B93577D11F42F38E00238F0B /* NSObject+MJKeyValue.m */,
				B93577D21F42F38E00238F0B /* NSObject+MJProperty.h */,
				B93577D31F42F38E00238F0B /* NSObject+MJProperty.m */,
				B93577D41F42F38E00238F0B /* NSString+MJExtension.h */,
				B93577D51F42F38E00238F0B /* NSString+MJExtension.m */,
			);
			path = MJExtension;
			sourceTree = "<group>";
		};
		B93577E01F42F3AF00238F0B /* Frameworks */ = {
			isa = PBXGroup;
			children = (
				B93577E11F42F3AF00238F0B /* libsqlite3.tbd */,
			);
			name = Frameworks;
			sourceTree = "<group>";
		};
/* End PBXGroup section */

/* Begin PBXNativeTarget section */
		B93577731F42F2E600238F0B /* simpleFMDB */ = {
			isa = PBXNativeTarget;
			buildConfigurationList = B93577A11F42F2E600238F0B /* Build configuration list for PBXNativeTarget "simpleFMDB" */;
			buildPhases = (
				B93577701F42F2E600238F0B /* Sources */,
				B93577711F42F2E600238F0B /* Frameworks */,
				B93577721F42F2E600238F0B /* Resources */,
			);
			buildRules = (
			);
			dependencies = (
			);
			name = simpleFMDB;
			productName = simpleFMDB;
			productReference = B93577741F42F2E600238F0B /* simpleFMDB.app */;
			productType = "com.apple.product-type.application";
		};
		B935778C1F42F2E600238F0B /* simpleFMDBTests */ = {
			isa = PBXNativeTarget;
			buildConfigurationList = B93577A41F42F2E600238F0B /* Build configuration list for PBXNativeTarget "simpleFMDBTests" */;
			buildPhases = (
				B93577891F42F2E600238F0B /* Sources */,
				B935778A1F42F2E600238F0B /* Frameworks */,
				B935778B1F42F2E600238F0B /* Resources */,
			);
			buildRules = (
			);
			dependencies = (
				B935778F1F42F2E600238F0B /* PBXTargetDependency */,
			);
			name = simpleFMDBTests;
			productName = simpleFMDBTests;
			productReference = B935778D1F42F2E600238F0B /* simpleFMDBTests.xctest */;
			productType = "com.apple.product-type.bundle.unit-test";
		};
		B93577971F42F2E600238F0B /* simpleFMDBUITests */ = {
			isa = PBXNativeTarget;
			buildConfigurationList = B93577A71F42F2E600238F0B /* Build configuration list for PBXNativeTarget "simpleFMDBUITests" */;
			buildPhases = (
				B93577941F42F2E600238F0B /* Sources */,
				B93577951F42F2E600238F0B /* Frameworks */,
				B93577961F42F2E600238F0B /* Resources */,
			);
			buildRules = (
			);
			dependencies = (
				B935779A1F42F2E600238F0B /* PBXTargetDependency */,
			);
			name = simpleFMDBUITests;
			productName = simpleFMDBUITests;
			productReference = B93577981F42F2E600238F0B /* simpleFMDBUITests.xctest */;
			productType = "com.apple.product-type.bundle.ui-testing";
		};
/* End PBXNativeTarget section */

/* Begin PBXProject section */
		B935776C1F42F2E500238F0B /* Project object */ = {
			isa = PBXProject;
			attributes = {
				LastUpgradeCheck = 0820;
				ORGANIZATIONNAME = "胡高广";
				TargetAttributes = {
					B93577731F42F2E600238F0B = {
						CreatedOnToolsVersion = 8.2.1;
						ProvisioningStyle = Automatic;
					};
					B935778C1F42F2E600238F0B = {
						CreatedOnToolsVersion = 8.2.1;
						ProvisioningStyle = Automatic;
						TestTargetID = B93577731F42F2E600238F0B;
					};
					B93577971F42F2E600238F0B = {
						CreatedOnToolsVersion = 8.2.1;
						ProvisioningStyle = Automatic;
						TestTargetID = B93577731F42F2E600238F0B;
					};
				};
			};
			buildConfigurationList = B935776F1F42F2E500238F0B /* Build configuration list for PBXProject "simpleFMDB" */;
			compatibilityVersion = "Xcode 3.2";
			developmentRegion = English;
			hasScannedForEncodings = 0;
			knownRegions = (
				en,
				Base,
			);
			mainGroup = B935776B1F42F2E500238F0B;
			productRefGroup = B93577751F42F2E600238F0B /* Products */;
			projectDirPath = "";
			projectRoot = "";
			targets = (
				B93577731F42F2E600238F0B /* simpleFMDB */,
				B935778C1F42F2E600238F0B /* simpleFMDBTests */,
				B93577971F42F2E600238F0B /* simpleFMDBUITests */,
			);
		};
/* End PBXProject section */

/* Begin PBXResourcesBuildPhase section */
		B93577721F42F2E600238F0B /* Resources */ = {
			isa = PBXResourcesBuildPhase;
			buildActionMask = 2147483647;
			files = (
				B93577BC1F42F31D00238F0B /* Info.plist in Resources */,
				B93577871F42F2E600238F0B /* LaunchScreen.storyboard in Resources */,
				B93577841F42F2E600238F0B /* Assets.xcassets in Resources */,
				B93577821F42F2E600238F0B /* Main.storyboard in Resources */,
			);
			runOnlyForDeploymentPostprocessing = 0;
		};
		B935778B1F42F2E600238F0B /* Resources */ = {
			isa = PBXResourcesBuildPhase;
			buildActionMask = 2147483647;
			files = (
			);
			runOnlyForDeploymentPostprocessing = 0;
		};
		B93577961F42F2E600238F0B /* Resources */ = {
			isa = PBXResourcesBuildPhase;
			buildActionMask = 2147483647;
			files = (
			);
			runOnlyForDeploymentPostprocessing = 0;
		};
/* End PBXResourcesBuildPhase section */

/* Begin PBXSourcesBuildPhase section */
		B93577701F42F2E600238F0B /* Sources */ = {
			isa = PBXSourcesBuildPhase;
			buildActionMask = 2147483647;
			files = (
				B935777F1F42F2E600238F0B /* ViewController.m in Sources */,
				B93577DE1F42F38E00238F0B /* NSObject+MJProperty.m in Sources */,
				B93577D71F42F38E00238F0B /* MJFoundation.m in Sources */,
				B93577B91F42F31D00238F0B /* FMDatabasePool.m in Sources */,
				B93577DB1F42F38E00238F0B /* NSObject+MJClass.m in Sources */,
				B93577DF1F42F38E00238F0B /* NSString+MJExtension.m in Sources */,
				B935777C1F42F2E600238F0B /* AppDelegate.m in Sources */,
				B93577BA1F42F31D00238F0B /* FMDatabaseQueue.m in Sources */,
				B93577DA1F42F38E00238F0B /* MJPropertyType.m in Sources */,
				B93577DD1F42F38E00238F0B /* NSObject+MJKeyValue.m in Sources */,
				B93577791F42F2E600238F0B /* main.m in Sources */,
				B93577B71F42F31D00238F0B /* FMDatabase.m in Sources */,
				B93577D81F42F38E00238F0B /* MJProperty.m in Sources */,
				B93577D61F42F38E00238F0B /* MJExtensionConst.m in Sources */,
				B93577BF1F42F35000238F0B /* TwoViewController.m in Sources */,
				B93577DC1F42F38E00238F0B /* NSObject+MJCoding.m in Sources */,
				B93577BB1F42F31D00238F0B /* FMResultSet.m in Sources */,
				B93577D91F42F38E00238F0B /* MJPropertyKey.m in Sources */,
				B93577B81F42F31D00238F0B /* FMDatabaseAdditions.m in Sources */,
			);
			runOnlyForDeploymentPostprocessing = 0;
		};
		B93577891F42F2E600238F0B /* Sources */ = {
			isa = PBXSourcesBuildPhase;
			buildActionMask = 2147483647;
			files = (
				B93577921F42F2E600238F0B /* simpleFMDBTests.m in Sources */,
			);
			runOnlyForDeploymentPostprocessing = 0;
		};
		B93577941F42F2E600238F0B /* Sources */ = {
			isa = PBXSourcesBuildPhase;
			buildActionMask = 2147483647;
			files = (
				B935779D1F42F2E600238F0B /* simpleFMDBUITests.m in Sources */,
			);
			runOnlyForDeploymentPostprocessing = 0;
		};
/* End PBXSourcesBuildPhase section */

/* Begin PBXTargetDependency section */
		B935778F1F42F2E600238F0B /* PBXTargetDependency */ = {
			isa = PBXTargetDependency;
			target = B93577731F42F2E600238F0B /* simpleFMDB */;
			targetProxy = B935778E1F42F2E600238F0B /* PBXContainerItemProxy */;
		};
		B935779A1F42F2E600238F0B /* PBXTargetDependency */ = {
			isa = PBXTargetDependency;
			target = B93577731F42F2E600238F0B /* simpleFMDB */;
			targetProxy = B93577991F42F2E600238F0B /* PBXContainerItemProxy */;
		};
/* End PBXTargetDependency section */

/* Begin PBXVariantGroup section */
		B93577801F42F2E600238F0B /* Main.storyboard */ = {
			isa = PBXVariantGroup;
			children = (
				B93577811F42F2E600238F0B /* Base */,
			);
			name = Main.storyboard;
			sourceTree = "<group>";
		};
		B93577851F42F2E600238F0B /* LaunchScreen.storyboard */ = {
			isa = PBXVariantGroup;
			children = (
				B93577861F42F2E600238F0B /* Base */,
			);
			name = LaunchScreen.storyboard;
			sourceTree = "<group>";
		};
/* End PBXVariantGroup section */

/* Begin XCBuildConfiguration section */
		B935779F1F42F2E600238F0B /* Debug */ = {
			isa = XCBuildConfiguration;
			buildSettings = {
				ALWAYS_SEARCH_USER_PATHS = NO;
				CLANG_ANALYZER_NONNULL = YES;
				CLANG_CXX_LANGUAGE_STANDARD = "gnu++0x";
				CLANG_CXX_LIBRARY = "libc++";
				CLANG_ENABLE_MODULES = YES;
				CLANG_ENABLE_OBJC_ARC = YES;
				CLANG_WARN_BOOL_CONVERSION = YES;
				CLANG_WARN_CONSTANT_CONVERSION = YES;
				CLANG_WARN_DIRECT_OBJC_ISA_USAGE = YES_ERROR;
				CLANG_WARN_DOCUMENTATION_COMMENTS = YES;
				CLANG_WARN_EMPTY_BODY = YES;
				CLANG_WARN_ENUM_CONVERSION = YES;
				CLANG_WARN_INFINITE_RECURSION = YES;
				CLANG_WARN_INT_CONVERSION = YES;
				CLANG_WARN_OBJC_ROOT_CLASS = YES_ERROR;
				CLANG_WARN_SUSPICIOUS_MOVE = YES;
				CLANG_WARN_UNREACHABLE_CODE = YES;
				CLANG_WARN__DUPLICATE_METHOD_MATCH = YES;
				"CODE_SIGN_IDENTITY[sdk=iphoneos*]" = "iPhone Developer";
				COPY_PHASE_STRIP = NO;
				DEBUG_INFORMATION_FORMAT = dwarf;
				ENABLE_STRICT_OBJC_MSGSEND = YES;
				ENABLE_TESTABILITY = YES;
				GCC_C_LANGUAGE_STANDARD = gnu99;
				GCC_DYNAMIC_NO_PIC = NO;
				GCC_NO_COMMON_BLOCKS = YES;
				GCC_OPTIMIZATION_LEVEL = 0;
				GCC_PREPROCESSOR_DEFINITIONS = (
					"DEBUG=1",
					"$(inherited)",
				);
				GCC_WARN_64_TO_32_BIT_CONVERSION = YES;
				GCC_WARN_ABOUT_RETURN_TYPE = YES_ERROR;
				GCC_WARN_UNDECLARED_SELECTOR = YES;
				GCC_WARN_UNINITIALIZED_AUTOS = YES_AGGRESSIVE;
				GCC_WARN_UNUSED_FUNCTION = YES;
				GCC_WARN_UNUSED_VARIABLE = YES;
				IPHONEOS_DEPLOYMENT_TARGET = 10.2;
				MTL_ENABLE_DEBUG_INFO = YES;
				ONLY_ACTIVE_ARCH = YES;
				SDKROOT = iphoneos;
				TARGETED_DEVICE_FAMILY = "1,2";
			};
			name = Debug;
		};
		B93577A01F42F2E600238F0B /* Release */ = {
			isa = XCBuildConfiguration;
			buildSettings = {
				ALWAYS_SEARCH_USER_PATHS = NO;
				CLANG_ANALYZER_NONNULL = YES;
				CLANG_CXX_LANGUAGE_STANDARD = "gnu++0x";
				CLANG_CXX_LIBRARY = "libc++";
				CLANG_ENABLE_MODULES = YES;
				CLANG_ENABLE_OBJC_ARC = YES;
				CLANG_WARN_BOOL_CONVERSION = YES;
				CLANG_WARN_CONSTANT_CONVERSION = YES;
				CLANG_WARN_DIRECT_OBJC_ISA_USAGE = YES_ERROR;
				CLANG_WARN_DOCUMENTATION_COMMENTS = YES;
				CLANG_WARN_EMPTY_BODY = YES;
				CLANG_WARN_ENUM_CONVERSION = YES;
				CLANG_WARN_INFINITE_RECURSION = YES;
				CLANG_WARN_INT_CONVERSION = YES;
				CLANG_WARN_OBJC_ROOT_CLASS = YES_ERROR;
				CLANG_WARN_SUSPICIOUS_MOVE = YES;
				CLANG_WARN_UNREACHABLE_CODE = YES;
				CLANG_WARN__DUPLICATE_METHOD_MATCH = YES;
				"CODE_SIGN_IDENTITY[sdk=iphoneos*]" = "iPhone Developer";
				COPY_PHASE_STRIP = NO;
				DEBUG_INFORMATION_FORMAT = "dwarf-with-dsym";
				ENABLE_NS_ASSERTIONS = NO;
				ENABLE_STRICT_OBJC_MSGSEND = YES;
				GCC_C_LANGUAGE_STANDARD = gnu99;
				GCC_NO_COMMON_BLOCKS = YES;
				GCC_WARN_64_TO_32_BIT_CONVERSION = YES;
				GCC_WARN_ABOUT_RETURN_TYPE = YES_ERROR;
				GCC_WARN_UNDECLARED_SELECTOR = YES;
				GCC_WARN_UNINITIALIZED_AUTOS = YES_AGGRESSIVE;
				GCC_WARN_UNUSED_FUNCTION = YES;
				GCC_WARN_UNUSED_VARIABLE = YES;
				IPHONEOS_DEPLOYMENT_TARGET = 10.2;
				MTL_ENABLE_DEBUG_INFO = NO;
				SDKROOT = iphoneos;
				TARGETED_DEVICE_FAMILY = "1,2";
				VALIDATE_PRODUCT = YES;
			};
			name = Release;
		};
		B93577A21F42F2E600238F0B /* Debug */ = {
			isa = XCBuildConfiguration;
			buildSettings = {
				ASSETCATALOG_COMPILER_APPICON_NAME = AppIcon;
				INFOPLIST_FILE = simpleFMDB/Info.plist;
				LD_RUNPATH_SEARCH_PATHS = "$(inherited) @executable_path/Frameworks";
				PRODUCT_BUNDLE_IDENTIFIER = hgg.simpleFMDB;
				PRODUCT_NAME = "$(TARGET_NAME)";
			};
			name = Debug;
		};
		B93577A31F42F2E600238F0B /* Release */ = {
			isa = XCBuildConfiguration;
			buildSettings = {
				ASSETCATALOG_COMPILER_APPICON_NAME = AppIcon;
				INFOPLIST_FILE = simpleFMDB/Info.plist;
				LD_RUNPATH_SEARCH_PATHS = "$(inherited) @executable_path/Frameworks";
				PRODUCT_BUNDLE_IDENTIFIER = hgg.simpleFMDB;
				PRODUCT_NAME = "$(TARGET_NAME)";
			};
			name = Release;
		};
		B93577A51F42F2E600238F0B /* Debug */ = {
			isa = XCBuildConfiguration;
			buildSettings = {
				BUNDLE_LOADER = "$(TEST_HOST)";
				INFOPLIST_FILE = simpleFMDBTests/Info.plist;
				LD_RUNPATH_SEARCH_PATHS = "$(inherited) @executable_path/Frameworks @loader_path/Frameworks";
				PRODUCT_BUNDLE_IDENTIFIER = hgg.simpleFMDBTests;
				PRODUCT_NAME = "$(TARGET_NAME)";
				TEST_HOST = "$(BUILT_PRODUCTS_DIR)/simpleFMDB.app/simpleFMDB";
			};
			name = Debug;
		};
		B93577A61F42F2E600238F0B /* Release */ = {
			isa = XCBuildConfiguration;
			buildSettings = {
				BUNDLE_LOADER = "$(TEST_HOST)";
				INFOPLIST_FILE = simpleFMDBTests/Info.plist;
				LD_RUNPATH_SEARCH_PATHS = "$(inherited) @executable_path/Frameworks @loader_path/Frameworks";
				PRODUCT_BUNDLE_IDENTIFIER = hgg.simpleFMDBTests;
				PRODUCT_NAME = "$(TARGET_NAME)";
				TEST_HOST = "$(BUILT_PRODUCTS_DIR)/simpleFMDB.app/simpleFMDB";
			};
			name = Release;
		};
		B93577A81F42F2E600238F0B /* Debug */ = {
			isa = XCBuildConfiguration;
			buildSettings = {
				INFOPLIST_FILE = simpleFMDBUITests/Info.plist;
				LD_RUNPATH_SEARCH_PATHS = "$(inherited) @executable_path/Frameworks @loader_path/Frameworks";
				PRODUCT_BUNDLE_IDENTIFIER = hgg.simpleFMDBUITests;
				PRODUCT_NAME = "$(TARGET_NAME)";
				TEST_TARGET_NAME = simpleFMDB;
			};
			name = Debug;
		};
		B93577A91F42F2E600238F0B /* Release */ = {
			isa = XCBuildConfiguration;
			buildSettings = {
				INFOPLIST_FILE = simpleFMDBUITests/Info.plist;
				LD_RUNPATH_SEARCH_PATHS = "$(inherited) @executable_path/Frameworks @loader_path/Frameworks";
				PRODUCT_BUNDLE_IDENTIFIER = hgg.simpleFMDBUITests;
				PRODUCT_NAME = "$(TARGET_NAME)";
				TEST_TARGET_NAME = simpleFMDB;
			};
			name = Release;
		};
/* End XCBuildConfiguration section */

/* Begin XCConfigurationList section */
		B935776F1F42F2E500238F0B /* Build configuration list for PBXProject "simpleFMDB" */ = {
			isa = XCConfigurationList;
			buildConfigurations = (
				B935779F1F42F2E600238F0B /* Debug */,
				B93577A01F42F2E600238F0B /* Release */,
			);
			defaultConfigurationIsVisible = 0;
			defaultConfigurationName = Release;
		};
		B93577A11F42F2E600238F0B /* Build configuration list for PBXNativeTarget "simpleFMDB" */ = {
			isa = XCConfigurationList;
			buildConfigurations = (
				B93577A21F42F2E600238F0B /* Debug */,
				B93577A31F42F2E600238F0B /* Release */,
			);
			defaultConfigurationIsVisible = 0;
		};
		B93577A41F42F2E600238F0B /* Build configuration list for PBXNativeTarget "simpleFMDBTests" */ = {
			isa = XCConfigurationList;
			buildConfigurations = (
				B93577A51F42F2E600238F0B /* Debug */,
				B93577A61F42F2E600238F0B /* Release */,
			);
			defaultConfigurationIsVisible = 0;
		};
		B93577A71F42F2E600238F0B /* Build configuration list for PBXNativeTarget "simpleFMDBUITests" */ = {
			isa = XCConfigurationList;
			buildConfigurations = (
				B93577A81F42F2E600238F0B /* Debug */,
				B93577A91F42F2E600238F0B /* Release */,
			);
			defaultConfigurationIsVisible = 0;
		};
/* End XCConfigurationList section */
	};
	rootObject = B935776C1F42F2E500238F0B /* Project object */;
}
